
Microsoft Visual Studio Solution File, Format Version 12.00
# Visual Studio Version 17
VisualStudioVersion = 17.14.36414.22 d17.14
MinimumVisualStudioVersion = 10.0.40219.1
Project("{FAE04EC0-301F-11D3-BF4B-00C04F79EFBC}") = "itism.bll", "itism.bll\itism.bll.csproj", "{B7158026-D999-4784-B802-29162BA74AE4}"
EndProject
Project("{FAE04EC0-301F-11D3-BF4B-00C04F79EFBC}") = "itism.dal", "itism.dal\itism.dal.csproj", "{A5C68B5C-AF95-4758-B82A-F286F4037E1B}"
EndProject
Project("{FAE04EC0-301F-11D3-BF4B-00C04F79EFBC}") = "itism.ui", "itism.ui\itism.ui.csproj", "{5C0DEAE9-B311-4836-975B-3D5A1714C951}"
EndProject
Global
	GlobalSection(SolutionConfigurationPlatforms) = preSolution
		Debug|Any CPU = Debug|Any CPU
		Release|Any CPU = Release|Any CPU
	EndGlobalSection
	GlobalSection(ProjectConfigurationPlatforms) = postSolution
		{B7158026-D999-4784-B802-29162BA74AE4}.Debug|Any CPU.ActiveCfg = Debug|Any CPU
		{B7158026-D999-4784-B802-29162BA74AE4}.Debug|Any CPU.Build.0 = Debug|Any CPU
		{B7158026-D999-4784-B802-29162BA74AE4}.Release|Any CPU.ActiveCfg = Release|Any CPU
		{B7158026-D999-4784-B802-29162BA74AE4}.Release|Any CPU.Build.0 = Release|Any CPU
		{A5C68B5C-AF95-4758-B82A-F286F4037E1B}.Debug|Any CPU.ActiveCfg = Debug|Any CPU
		{A5C68B5C-AF95-4758-B82A-F286F4037E1B}.Debug|Any CPU.Build.0 = Debug|Any CPU
		{A5C68B5C-AF95-4758-B82A-F286F4037E1B}.Release|Any CPU.ActiveCfg = Release|Any CPU
		{A5C68B5C-AF95-4758-B82A-F286F4037E1B}.Release|Any CPU.Build.0 = Release|Any CPU
		{5C0DEAE9-B311-4836-975B-3D5A1714C951}.Debug|Any CPU.ActiveCfg = Debug|Any CPU
		{5C0DEAE9-B311-4836-975B-3D5A1714C951}.Debug|Any CPU.Build.0 = Debug|Any CPU
		{5C0DEAE9-B311-4836-975B-3D5A1714C951}.Release|Any CPU.ActiveCfg = Release|Any CPU
		{5C0DEAE9-B311-4836-975B-3D5A1714C951}.Release|Any CPU.Build.0 = Release|Any CPU
	EndGlobalSection
	GlobalSection(SolutionProperties) = preSolution
		HideSolutionNode = FALSE
	EndGlobalSection
	GlobalSection(ExtensibilityGlobals) = postSolution
		SolutionGuid = {89939408-0634-4F20-BD57-585B4689A5E6}
	EndGlobalSection
EndGlobal
